
Microsoft Visual Studio Solution File, Format Version 12.00
# Visual Studio 15
Project("{FAE04EC0-301F-11D3-BF4B-00C04F79EFBC}") = "Assembly-CSharp", "Assembly-CSharp.csproj", "{98E6A1CE-1D2C-E356-327C-90158F433A8E}"
EndProject
Project("{FAE04EC0-301F-11D3-BF4B-00C04F79EFBC}") = "Assembly-CSharp-Editor", "Assembly-CSharp-Editor.csproj", "{A93EC01B-7CFD-997D-B88F-A4FE8B558B87}"
EndProject
Global
	GlobalSection(SolutionConfigurationPlatforms) = preSolution
		Debug|Any CPU = Debug|Any CPU
		Release|Any CPU = Release|Any CPU
	EndGlobalSection
	GlobalSection(ProjectConfigurationPlatforms) = postSolution
		{98E6A1CE-1D2C-E356-327C-90158F433A8E}.Debug|Any CPU.ActiveCfg = Debug|Any CPU
		{98E6A1CE-1D2C-E356-327C-90158F433A8E}.Debug|Any CPU.Build.0 = Debug|Any CPU
		{98E6A1CE-1D2C-E356-327C-90158F433A8E}.Release|Any CPU.ActiveCfg = Release|Any CPU
		{98E6A1CE-1D2C-E356-327C-90158F433A8E}.Release|Any CPU.Build.0 = Release|Any CPU
		{A93EC01B-7CFD-997D-B88F-A4FE8B558B87}.Debug|Any CPU.ActiveCfg = Debug|Any CPU
		{A93EC01B-7CFD-997D-B88F-A4FE8B558B87}.Debug|Any CPU.Build.0 = Debug|Any CPU
		{A93EC01B-7CFD-997D-B88F-A4FE8B558B87}.Release|Any CPU.ActiveCfg = Release|Any CPU
		{A93EC01B-7CFD-997D-B88F-A4FE8B558B87}.Release|Any CPU.Build.0 = Release|Any CPU
	EndGlobalSection
	GlobalSection(SolutionProperties) = preSolution
		HideSolutionNode = FALSE
	EndGlobalSection
EndGlobal
